
Microsoft Visual Studio Solution File, Format Version 12.00
# Visual Studio 2012
Project("{FAE04EC0-301F-11D3-BF4B-00C04F79EFBC}") = "StarCraftBot9KClient", "StarCraftBot9KClient\StarCraftBot9KClient.csproj", "{73A93144-26DC-46D1-A5F4-93FD5C226BDF}"
EndProject
Project("{F2A71F9B-5D33-465A-A702-920D77279786}") = "StarCraftBot9K", "StarCraftBot9K\StarCraftBot9K.fsproj", "{F1E8E07D-2E9D-4B09-ADEF-F8F48C534B58}"
EndProject
Project("{8BC9CEB8-8B4A-11D0-8D11-00A0C91BC942}") = "StarCraftConnector", "StarCraftConnector\StarCraftConnector.vcxproj", "{56DDBBA2-58FB-467D-8923-A214B16649F5}"
EndProject
Global
	GlobalSection(SolutionConfigurationPlatforms) = preSolution
		Debug|Any CPU = Debug|Any CPU
		Debug|Mixed Platforms = Debug|Mixed Platforms
		Debug|Win32 = Debug|Win32
		Release|Any CPU = Release|Any CPU
		Release|Mixed Platforms = Release|Mixed Platforms
		Release|Win32 = Release|Win32
	EndGlobalSection
	GlobalSection(ProjectConfigurationPlatforms) = postSolution
		{73A93144-26DC-46D1-A5F4-93FD5C226BDF}.Debug|Any CPU.ActiveCfg = Debug|Any CPU
		{73A93144-26DC-46D1-A5F4-93FD5C226BDF}.Debug|Any CPU.Build.0 = Debug|Any CPU
		{73A93144-26DC-46D1-A5F4-93FD5C226BDF}.Debug|Mixed Platforms.ActiveCfg = Debug|Any CPU
		{73A93144-26DC-46D1-A5F4-93FD5C226BDF}.Debug|Mixed Platforms.Build.0 = Debug|Any CPU
		{73A93144-26DC-46D1-A5F4-93FD5C226BDF}.Debug|Win32.ActiveCfg = Debug|Any CPU
		{73A93144-26DC-46D1-A5F4-93FD5C226BDF}.Release|Any CPU.ActiveCfg = Release|Any CPU
		{73A93144-26DC-46D1-A5F4-93FD5C226BDF}.Release|Any CPU.Build.0 = Release|Any CPU
		{73A93144-26DC-46D1-A5F4-93FD5C226BDF}.Release|Mixed Platforms.ActiveCfg = Release|Any CPU
		{73A93144-26DC-46D1-A5F4-93FD5C226BDF}.Release|Mixed Platforms.Build.0 = Release|Any CPU
		{73A93144-26DC-46D1-A5F4-93FD5C226BDF}.Release|Win32.ActiveCfg = Release|Any CPU
		{73A93144-26DC-46D1-A5F4-93FD5C226BDF}.Release|Win32.Build.0 = Release|Any CPU
		{F1E8E07D-2E9D-4B09-ADEF-F8F48C534B58}.Debug|Any CPU.ActiveCfg = Debug|Any CPU
		{F1E8E07D-2E9D-4B09-ADEF-F8F48C534B58}.Debug|Any CPU.Build.0 = Debug|Any CPU
		{F1E8E07D-2E9D-4B09-ADEF-F8F48C534B58}.Debug|Mixed Platforms.ActiveCfg = Debug|Any CPU
		{F1E8E07D-2E9D-4B09-ADEF-F8F48C534B58}.Debug|Mixed Platforms.Build.0 = Debug|Any CPU
		{F1E8E07D-2E9D-4B09-ADEF-F8F48C534B58}.Debug|Win32.ActiveCfg = Debug|Any CPU
		{F1E8E07D-2E9D-4B09-ADEF-F8F48C534B58}.Release|Any CPU.ActiveCfg = Release|Any CPU
		{F1E8E07D-2E9D-4B09-ADEF-F8F48C534B58}.Release|Any CPU.Build.0 = Release|Any CPU
		{F1E8E07D-2E9D-4B09-ADEF-F8F48C534B58}.Release|Mixed Platforms.ActiveCfg = Release|Any CPU
		{F1E8E07D-2E9D-4B09-ADEF-F8F48C534B58}.Release|Mixed Platforms.Build.0 = Release|Any CPU
		{F1E8E07D-2E9D-4B09-ADEF-F8F48C534B58}.Release|Win32.ActiveCfg = Release|Any CPU
		{F1E8E07D-2E9D-4B09-ADEF-F8F48C534B58}.Release|Win32.Build.0 = Release|Any CPU
		{56DDBBA2-58FB-467D-8923-A214B16649F5}.Debug|Any CPU.ActiveCfg = Release|Win32
		{56DDBBA2-58FB-467D-8923-A214B16649F5}.Debug|Mixed Platforms.ActiveCfg = Release|Win32
		{56DDBBA2-58FB-467D-8923-A214B16649F5}.Debug|Mixed Platforms.Build.0 = Release|Win32
		{56DDBBA2-58FB-467D-8923-A214B16649F5}.Debug|Mixed Platforms.Deploy.0 = Release|Win32
		{56DDBBA2-58FB-467D-8923-A214B16649F5}.Debug|Win32.ActiveCfg = Release|Win32
		{56DDBBA2-58FB-467D-8923-A214B16649F5}.Debug|Win32.Build.0 = Release|Win32
		{56DDBBA2-58FB-467D-8923-A214B16649F5}.Release|Any CPU.ActiveCfg = Release|Win32
		{56DDBBA2-58FB-467D-8923-A214B16649F5}.Release|Mixed Platforms.ActiveCfg = Release|Win32
		{56DDBBA2-58FB-467D-8923-A214B16649F5}.Release|Mixed Platforms.Build.0 = Release|Win32
		{56DDBBA2-58FB-467D-8923-A214B16649F5}.Release|Win32.ActiveCfg = Release|Win32
		{56DDBBA2-58FB-467D-8923-A214B16649F5}.Release|Win32.Build.0 = Release|Win32
	EndGlobalSection
	GlobalSection(SolutionProperties) = preSolution
		HideSolutionNode = FALSE
	EndGlobalSection
EndGlobal
